<?xml version="1.0" encoding="utf-8"?>
<Project ToolsVersion="4.0" xmlns="http://schemas.microsoft.com/developer/msbuild/2003">
  <ItemGroup>
    <Filter Include="Source Files">
      <UniqueIdentifier>{19b349ef-ab25-4ca9-ae88-1df1532091f6}</UniqueIdentifier>
      <Extensions>cpp;c;cxx;rc;def;r;odl;idl;hpj;bat</Extensions>
    </Filter>
    <Filter Include="Resource Files">
      <UniqueIdentifier>{bf600fbe-d13d-47c5-bdff-3e916bcb215c}</UniqueIdentifier>
      <Extensions>ico;cur;bmp;dlg;rc2;rct;bin;rgs;gif;jpg;jpeg;jpe</Extensions>
    </Filter>
  </ItemGroup>
  <ItemGroup>
    <ClCompile Include="SourceCode\Main.c">
      <Filter>Source Files</Filter>
    </ClCompile>
    <ClCompile Include="SourceCode\PC_SUPP.C">
      <Filter>Source Files</Filter>
    </ClCompile>
    <ClCompile Include="SourceCode\eeprom.c">
      <Filter>Source Files</Filter>
    </ClCompile>
    <ClCompile Include="SourceCode\Front_menu.c">
      <Filter>Source Files</Filter>
    </ClCompile>
  </ItemGroup>
  <ItemGroup>
    <ClInclude Include="SourceCode\GLOBALS.H">
      <Filter>Source Files</Filter>
    </ClInclude>
    <ClInclude Include="SourceCode\Hardware.h">
      <Filter>Source Files</Filter>
    </ClInclude>
    <ClInclude Include="SourceCode\resource.h">
      <Filter>Source Files</Filter>
    </ClInclude>
    <ClInclude Include="SourceCode\Structure_defs.h">
      <Filter>Source Files</Filter>
    </ClInclude>
    <ClInclude Include="SourceCode\ASCII_commands.h">
      <Filter>Source Files</Filter>
    </ClInclude>
  </ItemGroup>
  <ItemGroup>
    <ResourceCompile Include="SourceCode\Front_Board.rc">
      <Filter>Resource Files</Filter>
    </ResourceCompile>
  </ItemGroup>
  <ItemGroup>
    <Text Include="Code_Comments.txt" />
  </ItemGroup>
</Project>